// !$*UTF8*$!
{
	archiveVersion = 1;
	classes = {
	};
	objectVersion = 46;
	objects = {

/* Begin PBXAggregateTarget section */
		41C205ED1BF9641900266327 /* mogenerator */ = {
			isa = PBXAggregateTarget;
			buildConfigurationList = 41C205EE1BF9641900266327 /* Build configuration list for PBXAggregateTarget "mogenerator" */;
			buildPhases = (
				41C205F11BF9644E00266327 /* ShellScript */,
			);
			dependencies = (
			);
			name = mogenerator;
			productName = mogenerator;
		};
/* End PBXAggregateTarget section */

/* Begin PBXBuildFile section */
		41C205A91BF9623A00266327 /* main.m in Sources */ = {isa = PBXBuildFile; fileRef = 41C205A81BF9623A00266327 /* main.m */; };
		41C205AC1BF9623A00266327 /* AppDelegate.m in Sources */ = {isa = PBXBuildFile; fileRef = 41C205AB1BF9623A00266327 /* AppDelegate.m */; };
		41C205AF1BF9623A00266327 /* ViewController.m in Sources */ = {isa = PBXBuildFile; fileRef = 41C205AE1BF9623A00266327 /* ViewController.m */; };
		41C205B21BF9623A00266327 /* Main.storyboard in Resources */ = {isa = PBXBuildFile; fileRef = 41C205B01BF9623A00266327 /* Main.storyboard */; };
		41C205B51BF9623A00266327 /* ZanTodo.xcdatamodeld in Sources */ = {isa = PBXBuildFile; fileRef = 41C205B31BF9623A00266327 /* ZanTodo.xcdatamodeld */; };
		41C205B71BF9623A00266327 /* Assets.xcassets in Resources */ = {isa = PBXBuildFile; fileRef = 41C205B61BF9623A00266327 /* Assets.xcassets */; };
		41C205BA1BF9623A00266327 /* LaunchScreen.storyboard in Resources */ = {isa = PBXBuildFile; fileRef = 41C205B81BF9623A00266327 /* LaunchScreen.storyboard */; };
		41C205C51BF9623A00266327 /* ZanTodoTests.m in Sources */ = {isa = PBXBuildFile; fileRef = 41C205C41BF9623A00266327 /* ZanTodoTests.m */; };
		41C205D01BF9623A00266327 /* ZanTodoUITests.m in Sources */ = {isa = PBXBuildFile; fileRef = 41C205CF1BF9623A00266327 /* ZanTodoUITests.m */; };
		41C205E91BF9634300266327 /* AzureManager.m in Sources */ = {isa = PBXBuildFile; fileRef = 41C205E21BF9634300266327 /* AzureManager.m */; };
		41C205EA1BF9634300266327 /* NSMutableDictionary+SafeSetter.m in Sources */ = {isa = PBXBuildFile; fileRef = 41C205E61BF9634300266327 /* NSMutableDictionary+SafeSetter.m */; };
		41C205EC1BF963C100266327 /* WindowsAzureMobileServices.framework in Frameworks */ = {isa = PBXBuildFile; fileRef = 41C205EB1BF963C100266327 /* WindowsAzureMobileServices.framework */; };
/* End PBXBuildFile section */

/* Begin PBXContainerItemProxy section */
		41C205C11BF9623A00266327 /* PBXContainerItemProxy */ = {
			isa = PBXContainerItemProxy;
			containerPortal = 41C2059C1BF9623900266327 /* Project object */;
			proxyType = 1;
			remoteGlobalIDString = 41C205A31BF9623A00266327;
			remoteInfo = ZanTodo;
		};
		41C205CC1BF9623A00266327 /* PBXContainerItemProxy */ = {
			isa = PBXContainerItemProxy;
			containerPortal = 41C2059C1BF9623900266327 /* Project object */;
			proxyType = 1;
			remoteGlobalIDString = 41C205A31BF9623A00266327;
			remoteInfo = ZanTodo;
		};
/* End PBXContainerItemProxy section */

/* Begin PBXFileReference section */
		41C205A41BF9623A00266327 /* ZanTodo.app */ = {isa = PBXFileReference; explicitFileType = wrapper.application; includeInIndex = 0; path = ZanTodo.app; sourceTree = BUILT_PRODUCTS_DIR; };
		41C205A81BF9623A00266327 /* main.m */ = {isa = PBXFileReference; lastKnownFileType = sourcecode.c.objc; path = main.m; sourceTree = "<group>"; };
		41C205AA1BF9623A00266327 /* AppDelegate.h */ = {isa = PBXFileReference; lastKnownFileType = sourcecode.c.h; path = AppDelegate.h; sourceTree = "<group>"; };
		41C205AB1BF9623A00266327 /* AppDelegate.m */ = {isa = PBXFileReference; lastKnownFileType = sourcecode.c.objc; path = AppDelegate.m; sourceTree = "<group>"; };
		41C205AD1BF9623A00266327 /* ViewController.h */ = {isa = PBXFileReference; lastKnownFileType = sourcecode.c.h; path = ViewController.h; sourceTree = "<group>"; };
		41C205AE1BF9623A00266327 /* ViewController.m */ = {isa = PBXFileReference; lastKnownFileType = sourcecode.c.objc; path = ViewController.m; sourceTree = "<group>"; };
		41C205B11BF9623A00266327 /* Base */ = {isa = PBXFileReference; lastKnownFileType = file.storyboard; name = Base; path = Base.lproj/Main.storyboard; sourceTree = "<group>"; };
		41C205B41BF9623A00266327 /* ZanTodo.xcdatamodel */ = {isa = PBXFileReference; lastKnownFileType = wrapper.xcdatamodel; path = ZanTodo.xcdatamodel; sourceTree = "<group>"; };
		41C205B61BF9623A00266327 /* Assets.xcassets */ = {isa = PBXFileReference; lastKnownFileType = folder.assetcatalog; path = Assets.xcassets; sourceTree = "<group>"; };
		41C205B91BF9623A00266327 /* Base */ = {isa = PBXFileReference; lastKnownFileType = file.storyboard; name = Base; path = Base.lproj/LaunchScreen.storyboard; sourceTree = "<group>"; };
		41C205BB1BF9623A00266327 /* Info.plist */ = {isa = PBXFileReference; lastKnownFileType = text.plist.xml; path = Info.plist; sourceTree = "<group>"; };
		41C205C01BF9623A00266327 /* ZanTodoTests.xctest */ = {isa = PBXFileReference; explicitFileType = wrapper.cfbundle; includeInIndex = 0; path = ZanTodoTests.xctest; sourceTree = BUILT_PRODUCTS_DIR; };
		41C205C41BF9623A00266327 /* ZanTodoTests.m */ = {isa = PBXFileReference; lastKnownFileType = sourcecode.c.objc; path = ZanTodoTests.m; sourceTree = "<group>"; };
		41C205C61BF9623A00266327 /* Info.plist */ = {isa = PBXFileReference; lastKnownFileType = text.plist.xml; path = Info.plist; sourceTree = "<group>"; };
		41C205CB1BF9623A00266327 /* ZanTodoUITests.xctest */ = {isa = PBXFileReference; explicitFileType = wrapper.cfbundle; includeInIndex = 0; path = ZanTodoUITests.xctest; sourceTree = BUILT_PRODUCTS_DIR; };
		41C205CF1BF9623A00266327 /* ZanTodoUITests.m */ = {isa = PBXFileReference; lastKnownFileType = sourcecode.c.objc; path = ZanTodoUITests.m; sourceTree = "<group>"; };
		41C205D11BF9623A00266327 /* Info.plist */ = {isa = PBXFileReference; lastKnownFileType = text.plist.xml; path = Info.plist; sourceTree = "<group>"; };
		41C205E11BF9634300266327 /* AzureManager.h */ = {isa = PBXFileReference; fileEncoding = 4; lastKnownFileType = sourcecode.c.h; path = AzureManager.h; sourceTree = "<group>"; };
		41C205E21BF9634300266327 /* AzureManager.m */ = {isa = PBXFileReference; fileEncoding = 4; lastKnownFileType = sourcecode.c.objc; path = AzureManager.m; sourceTree = "<group>"; };
		41C205E31BF9634300266327 /* AzureZan.h */ = {isa = PBXFileReference; fileEncoding = 4; lastKnownFileType = sourcecode.c.h; name = AzureZan.h; path = ../../../lib/AzureZan.h; sourceTree = "<group>"; };
		41C205E51BF9634300266327 /* NSMutableDictionary+SafeSetter.h */ = {isa = PBXFileReference; fileEncoding = 4; lastKnownFileType = sourcecode.c.h; path = "NSMutableDictionary+SafeSetter.h"; sourceTree = "<group>"; };
		41C205E61BF9634300266327 /* NSMutableDictionary+SafeSetter.m */ = {isa = PBXFileReference; fileEncoding = 4; lastKnownFileType = sourcecode.c.objc; path = "NSMutableDictionary+SafeSetter.m"; sourceTree = "<group>"; };
		41C205E81BF9634300266327 /* MSCoreDataStore_DataStoreExtensions.h */ = {isa = PBXFileReference; fileEncoding = 4; lastKnownFileType = sourcecode.c.h; path = MSCoreDataStore_DataStoreExtensions.h; sourceTree = "<group>"; };
		41C205EB1BF963C100266327 /* WindowsAzureMobileServices.framework */ = {isa = PBXFileReference; lastKnownFileType = wrapper.framework; name = WindowsAzureMobileServices.framework; path = ../../../WindowsAzureMobileServices.framework; sourceTree = "<group>"; };
/* End PBXFileReference section */

/* Begin PBXFrameworksBuildPhase section */
		41C205A11BF9623A00266327 /* Frameworks */ = {
			isa = PBXFrameworksBuildPhase;
			buildActionMask = 2147483647;
			files = (
				41C205EC1BF963C100266327 /* WindowsAzureMobileServices.framework in Frameworks */,
			);
			runOnlyForDeploymentPostprocessing = 0;
		};
		41C205BD1BF9623A00266327 /* Frameworks */ = {
			isa = PBXFrameworksBuildPhase;
			buildActionMask = 2147483647;
			files = (
			);
			runOnlyForDeploymentPostprocessing = 0;
		};
		41C205C81BF9623A00266327 /* Frameworks */ = {
			isa = PBXFrameworksBuildPhase;
			buildActionMask = 2147483647;
			files = (
			);
			runOnlyForDeploymentPostprocessing = 0;
		};
/* End PBXFrameworksBuildPhase section */

/* Begin PBXGroup section */
		41C2059B1BF9623900266327 = {
			isa = PBXGroup;
			children = (
				41C205A61BF9623A00266327 /* ZanTodo */,
				41C205C31BF9623A00266327 /* ZanTodoTests */,
				41C205CE1BF9623A00266327 /* ZanTodoUITests */,
				41C205A51BF9623A00266327 /* Products */,
				41C205F21BF99A2900266327 /* Frameworks */,
			);
			sourceTree = "<group>";
		};
		41C205A51BF9623A00266327 /* Products */ = {
			isa = PBXGroup;
			children = (
				41C205A41BF9623A00266327 /* ZanTodo.app */,
				41C205C01BF9623A00266327 /* ZanTodoTests.xctest */,
				41C205CB1BF9623A00266327 /* ZanTodoUITests.xctest */,
			);
			name = Products;
			sourceTree = "<group>";
		};
		41C205A61BF9623A00266327 /* ZanTodo */ = {
			isa = PBXGroup;
			children = (
				41C205DD1BF962BA00266327 /* AzureZan */,
				41C205DE1BF962D600266327 /* Example */,
				41C205A71BF9623A00266327 /* Supporting Files */,
			);
			path = ZanTodo;
			sourceTree = "<group>";
		};
		41C205A71BF9623A00266327 /* Supporting Files */ = {
			isa = PBXGroup;
			children = (
				41C205A81BF9623A00266327 /* main.m */,
			);
			name = "Supporting Files";
			sourceTree = "<group>";
		};
		41C205C31BF9623A00266327 /* ZanTodoTests */ = {
			isa = PBXGroup;
			children = (
				41C205C41BF9623A00266327 /* ZanTodoTests.m */,
				41C205C61BF9623A00266327 /* Info.plist */,
			);
			path = ZanTodoTests;
			sourceTree = "<group>";
		};
		41C205CE1BF9623A00266327 /* ZanTodoUITests */ = {
			isa = PBXGroup;
			children = (
				41C205CF1BF9623A00266327 /* ZanTodoUITests.m */,
				41C205D11BF9623A00266327 /* Info.plist */,
			);
			path = ZanTodoUITests;
			sourceTree = "<group>";
		};
		41C205DD1BF962BA00266327 /* AzureZan */ = {
			isa = PBXGroup;
			children = (
				41C205E01BF9634300266327 /* azuremanager */,
				41C205E31BF9634300266327 /* AzureZan.h */,
				41C205E41BF9634300266327 /* categories */,
				41C205E71BF9634300266327 /* extensions */,
			);
			name = AzureZan;
			sourceTree = "<group>";
		};
		41C205DE1BF962D600266327 /* Example */ = {
			isa = PBXGroup;
			children = (
				41C205DF1BF9631C00266327 /* Model */,
				41C205AA1BF9623A00266327 /* AppDelegate.h */,
				41C205AB1BF9623A00266327 /* AppDelegate.m */,
				41C205AD1BF9623A00266327 /* ViewController.h */,
				41C205AE1BF9623A00266327 /* ViewController.m */,
				41C205B01BF9623A00266327 /* Main.storyboard */,
				41C205B61BF9623A00266327 /* Assets.xcassets */,
				41C205B81BF9623A00266327 /* LaunchScreen.storyboard */,
				41C205BB1BF9623A00266327 /* Info.plist */,
				41C205B31BF9623A00266327 /* ZanTodo.xcdatamodeld */,
			);
			name = Example;
			sourceTree = "<group>";
		};
		41C205DF1BF9631C00266327 /* Model */ = {
			isa = PBXGroup;
			children = (
			);
			path = Model;
			sourceTree = "<group>";
		};
		41C205E01BF9634300266327 /* azuremanager */ = {
			isa = PBXGroup;
			children = (
				41C205E11BF9634300266327 /* AzureManager.h */,
				41C205E21BF9634300266327 /* AzureManager.m */,
			);
			name = azuremanager;
			path = ../../../lib/azuremanager;
			sourceTree = "<group>";
		};
		41C205E41BF9634300266327 /* categories */ = {
			isa = PBXGroup;
			children = (
				41C205E51BF9634300266327 /* NSMutableDictionary+SafeSetter.h */,
				41C205E61BF9634300266327 /* NSMutableDictionary+SafeSetter.m */,
			);
			name = categories;
			path = ../../../lib/categories;
			sourceTree = "<group>";
		};
		41C205E71BF9634300266327 /* extensions */ = {
			isa = PBXGroup;
			children = (
				41C205E81BF9634300266327 /* MSCoreDataStore_DataStoreExtensions.h */,
			);
			name = extensions;
			path = ../../../lib/extensions;
			sourceTree = "<group>";
		};
		41C205F21BF99A2900266327 /* Frameworks */ = {
			isa = PBXGroup;
			children = (
				41C205EB1BF963C100266327 /* WindowsAzureMobileServices.framework */,
			);
			name = Frameworks;
			sourceTree = "<group>";
		};
/* End PBXGroup section */

/* Begin PBXNativeTarget section */
		41C205A31BF9623A00266327 /* ZanTodo */ = {
			isa = PBXNativeTarget;
			buildConfigurationList = 41C205D41BF9623A00266327 /* Build configuration list for PBXNativeTarget "ZanTodo" */;
			buildPhases = (
				41C205A01BF9623A00266327 /* Sources */,
				41C205A11BF9623A00266327 /* Frameworks */,
				41C205A21BF9623A00266327 /* Resources */,
			);
			buildRules = (
			);
			dependencies = (
			);
			name = ZanTodo;
			productName = ZanTodo;
			productReference = 41C205A41BF9623A00266327 /* ZanTodo.app */;
			productType = "com.apple.product-type.application";
		};
		41C205BF1BF9623A00266327 /* ZanTodoTests */ = {
			isa = PBXNativeTarget;
			buildConfigurationList = 41C205D71BF9623A00266327 /* Build configuration list for PBXNativeTarget "ZanTodoTests" */;
			buildPhases = (
				41C205BC1BF9623A00266327 /* Sources */,
				41C205BD1BF9623A00266327 /* Frameworks */,
				41C205BE1BF9623A00266327 /* Resources */,
			);
			buildRules = (
			);
			dependencies = (
				41C205C21BF9623A00266327 /* PBXTargetDependency */,
			);
			name = ZanTodoTests;
			productName = ZanTodoTests;
			productReference = 41C205C01BF9623A00266327 /* ZanTodoTests.xctest */;
			productType = "com.apple.product-type.bundle.unit-test";
		};
		41C205CA1BF9623A00266327 /* ZanTodoUITests */ = {
			isa = PBXNativeTarget;
			buildConfigurationList = 41C205DA1BF9623A00266327 /* Build configuration list for PBXNativeTarget "ZanTodoUITests" */;
			buildPhases = (
				41C205C71BF9623A00266327 /* Sources */,
				41C205C81BF9623A00266327 /* Frameworks */,
				41C205C91BF9623A00266327 /* Resources */,
			);
			buildRules = (
			);
			dependencies = (
				41C205CD1BF9623A00266327 /* PBXTargetDependency */,
			);
			name = ZanTodoUITests;
			productName = ZanTodoUITests;
			productReference = 41C205CB1BF9623A00266327 /* ZanTodoUITests.xctest */;
			productType = "com.apple.product-type.bundle.ui-testing";
		};
/* End PBXNativeTarget section */

/* Begin PBXProject section */
		41C2059C1BF9623900266327 /* Project object */ = {
			isa = PBXProject;
			attributes = {
				LastUpgradeCheck = 0710;
				ORGANIZATIONNAME = "Brian Nelson";
				TargetAttributes = {
					41C205A31BF9623A00266327 = {
						CreatedOnToolsVersion = 7.1;
					};
					41C205BF1BF9623A00266327 = {
						CreatedOnToolsVersion = 7.1;
						TestTargetID = 41C205A31BF9623A00266327;
					};
					41C205CA1BF9623A00266327 = {
						CreatedOnToolsVersion = 7.1;
						TestTargetID = 41C205A31BF9623A00266327;
					};
					41C205ED1BF9641900266327 = {
						CreatedOnToolsVersion = 7.1;
					};
				};
			};
			buildConfigurationList = 41C2059F1BF9623900266327 /* Build configuration list for PBXProject "ZanTodo" */;
			compatibilityVersion = "Xcode 3.2";
			developmentRegion = English;
			hasScannedForEncodings = 0;
			knownRegions = (
				en,
				Base,
			);
			mainGroup = 41C2059B1BF9623900266327;
			productRefGroup = 41C205A51BF9623A00266327 /* Products */;
			projectDirPath = "";
			projectRoot = "";
			targets = (
				41C205A31BF9623A00266327 /* ZanTodo */,
				41C205BF1BF9623A00266327 /* ZanTodoTests */,
				41C205CA1BF9623A00266327 /* ZanTodoUITests */,
				41C205ED1BF9641900266327 /* mogenerator */,
			);
		};
/* End PBXProject section */

/* Begin PBXResourcesBuildPhase section */
		41C205A21BF9623A00266327 /* Resources */ = {
			isa = PBXResourcesBuildPhase;
			buildActionMask = 2147483647;
			files = (
				41C205BA1BF9623A00266327 /* LaunchScreen.storyboard in Resources */,
				41C205B71BF9623A00266327 /* Assets.xcassets in Resources */,
				41C205B21BF9623A00266327 /* Main.storyboard in Resources */,
			);
			runOnlyForDeploymentPostprocessing = 0;
		};
		41C205BE1BF9623A00266327 /* Resources */ = {
			isa = PBXResourcesBuildPhase;
			buildActionMask = 2147483647;
			files = (
			);
			runOnlyForDeploymentPostprocessing = 0;
		};
		41C205C91BF9623A00266327 /* Resources */ = {
			isa = PBXResourcesBuildPhase;
			buildActionMask = 2147483647;
			files = (
			);
			runOnlyForDeploymentPostprocessing = 0;
		};
/* End PBXResourcesBuildPhase section */

/* Begin PBXShellScriptBuildPhase section */
		41C205F11BF9644E00266327 /* ShellScript */ = {
			isa = PBXShellScriptBuildPhase;
			buildActionMask = 2147483647;
			files = (
			);
			inputPaths = (
			);
			outputPaths = (
			);
			runOnlyForDeploymentPostprocessing = 0;
			shellPath = /bin/sh;
			shellScript = "mogenerator -m ${PROJECT_NAME}/${PROJECT_NAME}.xcdatamodeld -H ${PROJECT_NAME}/Model --template-var arc=true --template-path /../motemplates";
		};
/* End PBXShellScriptBuildPhase section */

/* Begin PBXSourcesBuildPhase section */
		41C205A01BF9623A00266327 /* Sources */ = {
			isa = PBXSourcesBuildPhase;
			buildActionMask = 2147483647;
			files = (
				41C205AF1BF9623A00266327 /* ViewController.m in Sources */,
				41C205AC1BF9623A00266327 /* AppDelegate.m in Sources */,
				41C205EA1BF9634300266327 /* NSMutableDictionary+SafeSetter.m in Sources */,
				41C205A91BF9623A00266327 /* main.m in Sources */,
				41C205B51BF9623A00266327 /* ZanTodo.xcdatamodeld in Sources */,
				41C205E91BF9634300266327 /* AzureManager.m in Sources */,
			);
			runOnlyForDeploymentPostprocessing = 0;
		};
		41C205BC1BF9623A00266327 /* Sources */ = {
			isa = PBXSourcesBuildPhase;
			buildActionMask = 2147483647;
			files = (
				41C205C51BF9623A00266327 /* ZanTodoTests.m in Sources */,
			);
			runOnlyForDeploymentPostprocessing = 0;
		};
		41C205C71BF9623A00266327 /* Sources */ = {
			isa = PBXSourcesBuildPhase;
			buildActionMask = 2147483647;
			files = (
				41C205D01BF9623A00266327 /* ZanTodoUITests.m in Sources */,
			);
			runOnlyForDeploymentPostprocessing = 0;
		};
/* End PBXSourcesBuildPhase section */

/* Begin PBXTargetDependency section */
		41C205C21BF9623A00266327 /* PBXTargetDependency */ = {
			isa = PBXTargetDependency;
			target = 41C205A31BF9623A00266327 /* ZanTodo */;
			targetProxy = 41C205C11BF9623A00266327 /* PBXContainerItemProxy */;
		};
		41C205CD1BF9623A00266327 /* PBXTargetDependency */ = {
			isa = PBXTargetDependency;
			target = 41C205A31BF9623A00266327 /* ZanTodo */;
			targetProxy = 41C205CC1BF9623A00266327 /* PBXContainerItemProxy */;
		};
/* End PBXTargetDependency section */

/* Begin PBXVariantGroup section */
		41C205B01BF9623A00266327 /* Main.storyboard */ = {
			isa = PBXVariantGroup;
			children = (
				41C205B11BF9623A00266327 /* Base */,
			);
			name = Main.storyboard;
			sourceTree = "<group>";
		};
		41C205B81BF9623A00266327 /* LaunchScreen.storyboard */ = {
			isa = PBXVariantGroup;
			children = (
				41C205B91BF9623A00266327 /* Base */,
			);
			name = LaunchScreen.storyboard;
			sourceTree = "<group>";
		};
/* End PBXVariantGroup section */

/* Begin XCBuildConfiguration section */
		41C205D21BF9623A00266327 /* Debug */ = {
			isa = XCBuildConfiguration;
			buildSettings = {
				ALWAYS_SEARCH_USER_PATHS = NO;
				CLANG_CXX_LANGUAGE_STANDARD = "gnu++0x";
				CLANG_CXX_LIBRARY = "libc++";
				CLANG_ENABLE_MODULES = YES;
				CLANG_ENABLE_OBJC_ARC = YES;
				CLANG_WARN_BOOL_CONVERSION = YES;
				CLANG_WARN_CONSTANT_CONVERSION = YES;
				CLANG_WARN_DIRECT_OBJC_ISA_USAGE = YES_ERROR;
				CLANG_WARN_EMPTY_BODY = YES;
				CLANG_WARN_ENUM_CONVERSION = YES;
				CLANG_WARN_INT_CONVERSION = YES;
				CLANG_WARN_OBJC_ROOT_CLASS = YES_ERROR;
				CLANG_WARN_UNREACHABLE_CODE = YES;
				CLANG_WARN__DUPLICATE_METHOD_MATCH = YES;
				"CODE_SIGN_IDENTITY[sdk=iphoneos*]" = "iPhone Developer";
				COPY_PHASE_STRIP = NO;
				DEBUG_INFORMATION_FORMAT = dwarf;
				ENABLE_STRICT_OBJC_MSGSEND = YES;
				ENABLE_TESTABILITY = YES;
				GCC_C_LANGUAGE_STANDARD = gnu99;
				GCC_DYNAMIC_NO_PIC = NO;
				GCC_NO_COMMON_BLOCKS = YES;
				GCC_OPTIMIZATION_LEVEL = 0;
				GCC_PREPROCESSOR_DEFINITIONS = (
					"DEBUG=1",
					"$(inherited)",
				);
				GCC_WARN_64_TO_32_BIT_CONVERSION = YES;
				GCC_WARN_ABOUT_RETURN_TYPE = YES_ERROR;
				GCC_WARN_UNDECLARED_SELECTOR = YES;
				GCC_WARN_UNINITIALIZED_AUTOS = YES_AGGRESSIVE;
				GCC_WARN_UNUSED_FUNCTION = YES;
				GCC_WARN_UNUSED_VARIABLE = YES;
				IPHONEOS_DEPLOYMENT_TARGET = 9.1;
				MTL_ENABLE_DEBUG_INFO = YES;
				ONLY_ACTIVE_ARCH = YES;
				SDKROOT = iphoneos;
			};
			name = Debug;
		};
		41C205D31BF9623A00266327 /* Release */ = {
			isa = XCBuildConfiguration;
			buildSettings = {
				ALWAYS_SEARCH_USER_PATHS = NO;
				CLANG_CXX_LANGUAGE_STANDARD = "gnu++0x";
				CLANG_CXX_LIBRARY = "libc++";
				CLANG_ENABLE_MODULES = YES;
				CLANG_ENABLE_OBJC_ARC = YES;
				CLANG_WARN_BOOL_CONVERSION = YES;
				CLANG_WARN_CONSTANT_CONVERSION = YES;
				CLANG_WARN_DIRECT_OBJC_ISA_USAGE = YES_ERROR;
				CLANG_WARN_EMPTY_BODY = YES;
				CLANG_WARN_ENUM_CONVERSION = YES;
				CLANG_WARN_INT_CONVERSION = YES;
				CLANG_WARN_OBJC_ROOT_CLASS = YES_ERROR;
				CLANG_WARN_UNREACHABLE_CODE = YES;
				CLANG_WARN__DUPLICATE_METHOD_MATCH = YES;
				"CODE_SIGN_IDENTITY[sdk=iphoneos*]" = "iPhone Developer";
				COPY_PHASE_STRIP = NO;
				DEBUG_INFORMATION_FORMAT = "dwarf-with-dsym";
				ENABLE_NS_ASSERTIONS = NO;
				ENABLE_STRICT_OBJC_MSGSEND = YES;
				GCC_C_LANGUAGE_STANDARD = gnu99;
				GCC_NO_COMMON_BLOCKS = YES;
				GCC_WARN_64_TO_32_BIT_CONVERSION = YES;
				GCC_WARN_ABOUT_RETURN_TYPE = YES_ERROR;
				GCC_WARN_UNDECLARED_SELECTOR = YES;
				GCC_WARN_UNINITIALIZED_AUTOS = YES_AGGRESSIVE;
				GCC_WARN_UNUSED_FUNCTION = YES;
				GCC_WARN_UNUSED_VARIABLE = YES;
				IPHONEOS_DEPLOYMENT_TARGET = 9.1;
				MTL_ENABLE_DEBUG_INFO = NO;
				SDKROOT = iphoneos;
				VALIDATE_PRODUCT = YES;
			};
			name = Release;
		};
		41C205D51BF9623A00266327 /* Debug */ = {
			isa = XCBuildConfiguration;
			buildSettings = {
				ASSETCATALOG_COMPILER_APPICON_NAME = AppIcon;
				INFOPLIST_FILE = ZanTodo/Info.plist;
				LD_RUNPATH_SEARCH_PATHS = "$(inherited) @executable_path/Frameworks";
				PRODUCT_BUNDLE_IDENTIFIER = com.seveninfinity.ZanTodo;
				PRODUCT_NAME = "$(TARGET_NAME)";
			};
			name = Debug;
		};
		41C205D61BF9623A00266327 /* Release */ = {
			isa = XCBuildConfiguration;
			buildSettings = {
				ASSETCATALOG_COMPILER_APPICON_NAME = AppIcon;
				INFOPLIST_FILE = ZanTodo/Info.plist;
				LD_RUNPATH_SEARCH_PATHS = "$(inherited) @executable_path/Frameworks";
				PRODUCT_BUNDLE_IDENTIFIER = com.seveninfinity.ZanTodo;
				PRODUCT_NAME = "$(TARGET_NAME)";
			};
			name = Release;
		};
		41C205D81BF9623A00266327 /* Debug */ = {
			isa = XCBuildConfiguration;
			buildSettings = {
				BUNDLE_LOADER = "$(TEST_HOST)";
				INFOPLIST_FILE = ZanTodoTests/Info.plist;
				LD_RUNPATH_SEARCH_PATHS = "$(inherited) @executable_path/Frameworks @loader_path/Frameworks";
				PRODUCT_BUNDLE_IDENTIFIER = com.seveninfinity.ZanTodoTests;
				PRODUCT_NAME = "$(TARGET_NAME)";
				TEST_HOST = "$(BUILT_PRODUCTS_DIR)/ZanTodo.app/ZanTodo";
			};
			name = Debug;
		};
		41C205D91BF9623A00266327 /* Release */ = {
			isa = XCBuildConfiguration;
			buildSettings = {
				BUNDLE_LOADER = "$(TEST_HOST)";
				INFOPLIST_FILE = ZanTodoTests/Info.plist;
				LD_RUNPATH_SEARCH_PATHS = "$(inherited) @executable_path/Frameworks @loader_path/Frameworks";
				PRODUCT_BUNDLE_IDENTIFIER = com.seveninfinity.ZanTodoTests;
				PRODUCT_NAME = "$(TARGET_NAME)";
				TEST_HOST = "$(BUILT_PRODUCTS_DIR)/ZanTodo.app/ZanTodo";
			};
			name = Release;
		};
		41C205DB1BF9623A00266327 /* Debug */ = {
			isa = XCBuildConfiguration;
			buildSettings = {
				INFOPLIST_FILE = ZanTodoUITests/Info.plist;
				LD_RUNPATH_SEARCH_PATHS = "$(inherited) @executable_path/Frameworks @loader_path/Frameworks";
				PRODUCT_BUNDLE_IDENTIFIER = com.seveninfinity.ZanTodoUITests;
				PRODUCT_NAME = "$(TARGET_NAME)";
				TEST_TARGET_NAME = ZanTodo;
				USES_XCTRUNNER = YES;
			};
			name = Debug;
		};
		41C205DC1BF9623A00266327 /* Release */ = {
			isa = XCBuildConfiguration;
			buildSettings = {
				INFOPLIST_FILE = ZanTodoUITests/Info.plist;
				LD_RUNPATH_SEARCH_PATHS = "$(inherited) @executable_path/Frameworks @loader_path/Frameworks";
				PRODUCT_BUNDLE_IDENTIFIER = com.seveninfinity.ZanTodoUITests;
				PRODUCT_NAME = "$(TARGET_NAME)";
				TEST_TARGET_NAME = ZanTodo;
				USES_XCTRUNNER = YES;
			};
			name = Release;
		};
		41C205EF1BF9641900266327 /* Debug */ = {
			isa = XCBuildConfiguration;
			buildSettings = {
				PRODUCT_NAME = "$(TARGET_NAME)";
			};
			name = Debug;
		};
		41C205F01BF9641900266327 /* Release */ = {
			isa = XCBuildConfiguration;
			buildSettings = {
				PRODUCT_NAME = "$(TARGET_NAME)";
			};
			name = Release;
		};
/* End XCBuildConfiguration section */

/* Begin XCConfigurationList section */
		41C2059F1BF9623900266327 /* Build configuration list for PBXProject "ZanTodo" */ = {
			isa = XCConfigurationList;
			buildConfigurations = (
				41C205D21BF9623A00266327 /* Debug */,
				41C205D31BF9623A00266327 /* Release */,
			);
			defaultConfigurationIsVisible = 0;
			defaultConfigurationName = Release;
		};
		41C205D41BF9623A00266327 /* Build configuration list for PBXNativeTarget "ZanTodo" */ = {
			isa = XCConfigurationList;
			buildConfigurations = (
				41C205D51BF9623A00266327 /* Debug */,
				41C205D61BF9623A00266327 /* Release */,
			);
			defaultConfigurationIsVisible = 0;
		};
		41C205D71BF9623A00266327 /* Build configuration list for PBXNativeTarget "ZanTodoTests" */ = {
			isa = XCConfigurationList;
			buildConfigurations = (
				41C205D81BF9623A00266327 /* Debug */,
				41C205D91BF9623A00266327 /* Release */,
			);
			defaultConfigurationIsVisible = 0;
		};
		41C205DA1BF9623A00266327 /* Build configuration list for PBXNativeTarget "ZanTodoUITests" */ = {
			isa = XCConfigurationList;
			buildConfigurations = (
				41C205DB1BF9623A00266327 /* Debug */,
				41C205DC1BF9623A00266327 /* Release */,
			);
			defaultConfigurationIsVisible = 0;
		};
		41C205EE1BF9641900266327 /* Build configuration list for PBXAggregateTarget "mogenerator" */ = {
			isa = XCConfigurationList;
			buildConfigurations = (
				41C205EF1BF9641900266327 /* Debug */,
				41C205F01BF9641900266327 /* Release */,
			);
			defaultConfigurationIsVisible = 0;
		};
/* End XCConfigurationList section */

/* Begin XCVersionGroup section */
		41C205B31BF9623A00266327 /* ZanTodo.xcdatamodeld */ = {
			isa = XCVersionGroup;
			children = (
				41C205B41BF9623A00266327 /* ZanTodo.xcdatamodel */,
			);
			currentVersion = 41C205B41BF9623A00266327 /* ZanTodo.xcdatamodel */;
			path = ZanTodo.xcdatamodeld;
			sourceTree = "<group>";
			versionGroupType = wrapper.xcdatamodel;
		};
/* End XCVersionGroup section */
	};
	rootObject = 41C2059C1BF9623900266327 /* Project object */;
}
